// !$*UTF8*$!
{
	archiveVersion = 1;
	classes = {
	};
	objectVersion = 77;
	objects = {

/* Begin PBXBuildFile section */
		B14766B22F361A9E008639CB /* SharedCore in Frameworks */ = {isa = PBXBuildFile; productRef = B14766B12F361A9E008639CB /* SharedCore */; };
		B14766B42F361B04008639CB /* SharedCore in Frameworks */ = {isa = PBXBuildFile; productRef = B14766B32F361B04008639CB /* SharedCore */; };
		B1B074842F150DD000BD54F3 /* ArticleShareExtension.appex in Embed Foundation Extensions */ = {isa = PBXBuildFile; fileRef = B1B0747A2F150DD000BD54F3 /* ArticleShareExtension.appex */; settings = {ATTRIBUTES = (RemoveHeadersOnCopy, ); }; };
/* End PBXBuildFile section */

/* Begin PBXContainerItemProxy section */
		B1B074822F150DD000BD54F3 /* PBXContainerItemProxy */ = {
			isa = PBXContainerItemProxy;
			containerPortal = B1B072132F0AE91900BD54F3 /* Project object */;
			proxyType = 1;
			remoteGlobalIDString = B1B074792F150DD000BD54F3;
			remoteInfo = ArticleShareExtension;
		};
/* End PBXContainerItemProxy section */

/* Begin PBXCopyFilesBuildPhase section */
		B1B073722F0FD12500BD54F3 /* Embed Foundation Extensions */ = {
			isa = PBXCopyFilesBuildPhase;
			buildActionMask = 2147483647;
			dstPath = "";
			dstSubfolderSpec = 13;
			files = (
				B1B074842F150DD000BD54F3 /* ArticleShareExtension.appex in Embed Foundation Extensions */,
			);
			name = "Embed Foundation Extensions";
			runOnlyForDeploymentPostprocessing = 0;
		};
/* End PBXCopyFilesBuildPhase section */

/* Begin PBXFileReference section */
		B14766AF2F36166C008639CB /* SharedCore */ = {isa = PBXFileReference; lastKnownFileType = wrapper; path = SharedCore; sourceTree = "<group>"; };
		B1B0721B2F0AE91900BD54F3 /* Rewisio.app */ = {isa = PBXFileReference; explicitFileType = wrapper.application; includeInIndex = 0; path = Rewisio.app; sourceTree = BUILT_PRODUCTS_DIR; };
		B1B0747A2F150DD000BD54F3 /* ArticleShareExtension.appex */ = {isa = PBXFileReference; explicitFileType = "wrapper.app-extension"; includeInIndex = 0; path = ArticleShareExtension.appex; sourceTree = BUILT_PRODUCTS_DIR; };
/* End PBXFileReference section */

/* Begin PBXFileSystemSynchronizedBuildFileExceptionSet section */
		B1B0722D2F0AE91B00BD54F3 /* Exceptions for "Rewisio" folder in "Rewisio" target */ = {
			isa = PBXFileSystemSynchronizedBuildFileExceptionSet;
			membershipExceptions = (
				Info.plist,
			);
			target = B1B0721A2F0AE91900BD54F3 /* Rewisio */;
		};
		B1B074882F150DD000BD54F3 /* Exceptions for "ArticleShareExtension" folder in "ArticleShareExtension" target */ = {
			isa = PBXFileSystemSynchronizedBuildFileExceptionSet;
			membershipExceptions = (
				Info.plist,
			);
			target = B1B074792F150DD000BD54F3 /* ArticleShareExtension */;
		};
/* End PBXFileSystemSynchronizedBuildFileExceptionSet section */

/* Begin PBXFileSystemSynchronizedRootGroup section */
		B1B0721D2F0AE91900BD54F3 /* Rewisio */ = {
			isa = PBXFileSystemSynchronizedRootGroup;
			exceptions = (
				B1B0722D2F0AE91B00BD54F3 /* Exceptions for "Rewisio" folder in "Rewisio" target */,
			);
			path = Rewisio;
			sourceTree = "<group>";
		};
		B1B0747B2F150DD000BD54F3 /* ArticleShareExtension */ = {
			isa = PBXFileSystemSynchronizedRootGroup;
			exceptions = (
				B1B074882F150DD000BD54F3 /* Exceptions for "ArticleShareExtension" folder in "ArticleShareExtension" target */,
			);
			path = ArticleShareExtension;
			sourceTree = "<group>";
		};
/* End PBXFileSystemSynchronizedRootGroup section */

/* Begin PBXFrameworksBuildPhase section */
		B1B072182F0AE91900BD54F3 /* Frameworks */ = {
			isa = PBXFrameworksBuildPhase;
			buildActionMask = 2147483647;
			files = (
				B14766B22F361A9E008639CB /* SharedCore in Frameworks */,
			);
			runOnlyForDeploymentPostprocessing = 0;
		};
		B1B074772F150DD000BD54F3 /* Frameworks */ = {
			isa = PBXFrameworksBuildPhase;
			buildActionMask = 2147483647;
			files = (
				B14766B42F361B04008639CB /* SharedCore in Frameworks */,
			);
			runOnlyForDeploymentPostprocessing = 0;
		};
/* End PBXFrameworksBuildPhase section */

/* Begin PBXGroup section */
		B14766B02F361A9E008639CB /* Frameworks */ = {
			isa = PBXGroup;
			children = (
			);
			name = Frameworks;
			sourceTree = "<group>";
		};
		B1B072122F0AE91900BD54F3 = {
			isa = PBXGroup;
			children = (
				B14766AF2F36166C008639CB /* SharedCore */,
				B1B0721D2F0AE91900BD54F3 /* Rewisio */,
				B1B0747B2F150DD000BD54F3 /* ArticleShareExtension */,
				B14766B02F361A9E008639CB /* Frameworks */,
				B1B0721C2F0AE91900BD54F3 /* Products */,
			);
			sourceTree = "<group>";
		};
		B1B0721C2F0AE91900BD54F3 /* Products */ = {
			isa = PBXGroup;
			children = (
				B1B0721B2F0AE91900BD54F3 /* Rewisio.app */,
				B1B0747A2F150DD000BD54F3 /* ArticleShareExtension.appex */,
			);
			name = Products;
			sourceTree = "<group>";
		};
/* End PBXGroup section */

/* Begin PBXNativeTarget section */
		B1B0721A2F0AE91900BD54F3 /* Rewisio */ = {
			isa = PBXNativeTarget;
			buildConfigurationList = B1B0722E2F0AE91B00BD54F3 /* Build configuration list for PBXNativeTarget "Rewisio" */;
			buildPhases = (
				B1B072172F0AE91900BD54F3 /* Sources */,
				B1B072182F0AE91900BD54F3 /* Frameworks */,
				B1B072192F0AE91900BD54F3 /* Resources */,
				B1B073722F0FD12500BD54F3 /* Embed Foundation Extensions */,
			);
			buildRules = (
			);
			dependencies = (
				B1B074832F150DD000BD54F3 /* PBXTargetDependency */,
			);
			fileSystemSynchronizedGroups = (
				B1B0721D2F0AE91900BD54F3 /* Rewisio */,
			);
			name = Rewisio;
			packageProductDependencies = (
				B14766B12F361A9E008639CB /* SharedCore */,
			);
			productName = Rewisio;
			productReference = B1B0721B2F0AE91900BD54F3 /* Rewisio.app */;
			productType = "com.apple.product-type.application";
		};
		B1B074792F150DD000BD54F3 /* ArticleShareExtension */ = {
			isa = PBXNativeTarget;
			buildConfigurationList = B1B074872F150DD000BD54F3 /* Build configuration list for PBXNativeTarget "ArticleShareExtension" */;
			buildPhases = (
				B1B074762F150DD000BD54F3 /* Sources */,
				B1B074772F150DD000BD54F3 /* Frameworks */,
				B1B074782F150DD000BD54F3 /* Resources */,
			);
			buildRules = (
			);
			dependencies = (
			);
			fileSystemSynchronizedGroups = (
				B1B0747B2F150DD000BD54F3 /* ArticleShareExtension */,
			);
			name = ArticleShareExtension;
			packageProductDependencies = (
				B14766B32F361B04008639CB /* SharedCore */,
			);
			productName = ArticleShareExtension;
			productReference = B1B0747A2F150DD000BD54F3 /* ArticleShareExtension.appex */;
			productType = "com.apple.product-type.app-extension";
		};
/* End PBXNativeTarget section */

/* Begin PBXProject section */
		B1B072132F0AE91900BD54F3 /* Project object */ = {
			isa = PBXProject;
			attributes = {
				BuildIndependentTargetsInParallel = 1;
				LastSwiftUpdateCheck = 1640;
				LastUpgradeCheck = 1640;
				TargetAttributes = {
					B1B0721A2F0AE91900BD54F3 = {
						CreatedOnToolsVersion = 16.4;
					};
					B1B074792F150DD000BD54F3 = {
						CreatedOnToolsVersion = 16.4;
					};
				};
			};
			buildConfigurationList = B1B072162F0AE91900BD54F3 /* Build configuration list for PBXProject "Rewisio" */;
			developmentRegion = en;
			hasScannedForEncodings = 0;
			knownRegions = (
				en,
				Base,
			);
			mainGroup = B1B072122F0AE91900BD54F3;
			minimizedProjectReferenceProxies = 1;
			preferredProjectObjectVersion = 77;
			productRefGroup = B1B0721C2F0AE91900BD54F3 /* Products */;
			projectDirPath = "";
			projectRoot = "";
			targets = (
				B1B0721A2F0AE91900BD54F3 /* Rewisio */,
				B1B074792F150DD000BD54F3 /* ArticleShareExtension */,
			);
		};
/* End PBXProject section */

/* Begin PBXResourcesBuildPhase section */
		B1B072192F0AE91900BD54F3 /* Resources */ = {
			isa = PBXResourcesBuildPhase;
			buildActionMask = 2147483647;
			files = (
			);
			runOnlyForDeploymentPostprocessing = 0;
		};
		B1B074782F150DD000BD54F3 /* Resources */ = {
			isa = PBXResourcesBuildPhase;
			buildActionMask = 2147483647;
			files = (
			);
			runOnlyForDeploymentPostprocessing = 0;
		};
/* End PBXResourcesBuildPhase section */

/* Begin PBXSourcesBuildPhase section */
		B1B072172F0AE91900BD54F3 /* Sources */ = {
			isa = PBXSourcesBuildPhase;
			buildActionMask = 2147483647;
			files = (
			);
			runOnlyForDeploymentPostprocessing = 0;
		};
		B1B074762F150DD000BD54F3 /* Sources */ = {
			isa = PBXSourcesBuildPhase;
			buildActionMask = 2147483647;
			files = (
			);
			runOnlyForDeploymentPostprocessing = 0;
		};
/* End PBXSourcesBuildPhase section */

/* Begin PBXTargetDependency section */
		B1B074832F150DD000BD54F3 /* PBXTargetDependency */ = {
			isa = PBXTargetDependency;
			target = B1B074792F150DD000BD54F3 /* ArticleShareExtension */;
			targetProxy = B1B074822F150DD000BD54F3 /* PBXContainerItemProxy */;
		};
/* End PBXTargetDependency section */

/* Begin XCBuildConfiguration section */
		B1B0722F2F0AE91B00BD54F3 /* Debug */ = {
			isa = XCBuildConfiguration;
			buildSettings = {
				ASSETCATALOG_COMPILER_APPICON_NAME = AppIcon;
				ASSETCATALOG_COMPILER_GLOBAL_ACCENT_COLOR_NAME = AccentColor;
				CODE_SIGN_ENTITLEMENTS = Rewisio/Rewisio.entitlements;
				CODE_SIGN_STYLE = Automatic;
				CURRENT_PROJECT_VERSION = 1;
				DEVELOPMENT_TEAM = A5Y9WBD7WV;
				GENERATE_INFOPLIST_FILE = YES;
				INFOPLIST_FILE = Rewisio/Info.plist;
				INFOPLIST_KEY_UIApplicationSupportsIndirectInputEvents = YES;
				INFOPLIST_KEY_UILaunchStoryboardName = LaunchScreen;
				INFOPLIST_KEY_UIMainStoryboardFile = Main;
				INFOPLIST_KEY_UISupportedInterfaceOrientations_iPad = "UIInterfaceOrientationPortrait UIInterfaceOrientationPortraitUpsideDown UIInterfaceOrientationLandscapeLeft UIInterfaceOrientationLandscapeRight";
				INFOPLIST_KEY_UISupportedInterfaceOrientations_iPhone = "UIInterfaceOrientationPortrait UIInterfaceOrientationLandscapeLeft UIInterfaceOrientationLandscapeRight";
				LD_RUNPATH_SEARCH_PATHS = (
					"$(inherited)",
					"@executable_path/Frameworks",
				);
				MARKETING_VERSION = 1.0;
				PRODUCT_BUNDLE_IDENTIFIER = com.banu.Rewisio;
				PRODUCT_NAME = "$(TARGET_NAME)";
				SWIFT_EMIT_LOC_STRINGS = YES;
				SWIFT_VERSION = 5.0;
				TARGETED_DEVICE_FAMILY = "1,2";
			};
			name = Debug;
		};
		B1B072302F0AE91B00BD54F3 /* Release */ = {
			isa = XCBuildConfiguration;
			buildSettings = {
				ASSETCATALOG_COMPILER_APPICON_NAME = AppIcon;
				ASSETCATALOG_COMPILER_GLOBAL_ACCENT_COLOR_NAME = AccentColor;
				CODE_SIGN_ENTITLEMENTS = Rewisio/Rewisio.entitlements;
				CODE_SIGN_STYLE = Automatic;
				CURRENT_PROJECT_VERSION = 1;
				DEVELOPMENT_TEAM = A5Y9WBD7WV;
				GENERATE_INFOPLIST_FILE = YES;
				INFOPLIST_FILE = Rewisio/Info.plist;
				INFOPLIST_KEY_UIApplicationSupportsIndirectInputEvents = YES;
				INFOPLIST_KEY_UILaunchStoryboardName = LaunchScreen;
				INFOPLIST_KEY_UIMainStoryboardFile = Main;
				INFOPLIST_KEY_UISupportedInterfaceOrientations_iPad = "UIInterfaceOrientationPortrait UIInterfaceOrientationPortraitUpsideDown UIInterfaceOrientationLandscapeLeft UIInterfaceOrientationLandscapeRight";
				INFOPLIST_KEY_UISupportedInterfaceOrientations_iPhone = "UIInterfaceOrientationPortrait UIInterfaceOrientationLandscapeLeft UIInterfaceOrientationLandscapeRight";
				LD_RUNPATH_SEARCH_PATHS = (
					"$(inherited)",
					"@executable_path/Frameworks",
				);
				MARKETING_VERSION = 1.0;
				PRODUCT_BUNDLE_IDENTIFIER = com.banu.Rewisio;
				PRODUCT_NAME = "$(TARGET_NAME)";
				SWIFT_EMIT_LOC_STRINGS = YES;
				SWIFT_VERSION = 5.0;
				TARGETED_DEVICE_FAMILY = "1,2";
			};
			name = Release;
		};
		B1B072312F0AE91B00BD54F3 /* Debug */ = {
			isa = XCBuildConfiguration;
			buildSettings = {
				ALWAYS_SEARCH_USER_PATHS = NO;
				ASSETCATALOG_COMPILER_GENERATE_SWIFT_ASSET_SYMBOL_EXTENSIONS = YES;
				CLANG_ANALYZER_NONNULL = YES;
				CLANG_ANALYZER_NUMBER_OBJECT_CONVERSION = YES_AGGRESSIVE;
				CLANG_CXX_LANGUAGE_STANDARD = "gnu++20";
				CLANG_ENABLE_MODULES = YES;
				CLANG_ENABLE_OBJC_ARC = YES;
				CLANG_ENABLE_OBJC_WEAK = YES;
				CLANG_WARN_BLOCK_CAPTURE_AUTORELEASING = YES;
				CLANG_WARN_BOOL_CONVERSION = YES;
				CLANG_WARN_COMMA = YES;
				CLANG_WARN_CONSTANT_CONVERSION = YES;
				CLANG_WARN_DEPRECATED_OBJC_IMPLEMENTATIONS = YES;
				CLANG_WARN_DIRECT_OBJC_ISA_USAGE = YES_ERROR;
				CLANG_WARN_DOCUMENTATION_COMMENTS = YES;
				CLANG_WARN_EMPTY_BODY = YES;
				CLANG_WARN_ENUM_CONVERSION = YES;
				CLANG_WARN_INFINITE_RECURSION = YES;
				CLANG_WARN_INT_CONVERSION = YES;
				CLANG_WARN_NON_LITERAL_NULL_CONVERSION = YES;
				CLANG_WARN_OBJC_IMPLICIT_RETAIN_SELF = YES;
				CLANG_WARN_OBJC_LITERAL_CONVERSION = YES;
				CLANG_WARN_OBJC_ROOT_CLASS = YES_ERROR;
				CLANG_WARN_QUOTED_INCLUDE_IN_FRAMEWORK_HEADER = YES;
				CLANG_WARN_RANGE_LOOP_ANALYSIS = YES;
				CLANG_WARN_STRICT_PROTOTYPES = YES;
				CLANG_WARN_SUSPICIOUS_MOVE = YES;
				CLANG_WARN_UNGUARDED_AVAILABILITY = YES_AGGRESSIVE;
				CLANG_WARN_UNREACHABLE_CODE = YES;
				CLANG_WARN__DUPLICATE_METHOD_MATCH = YES;
				COPY_PHASE_STRIP = NO;
				DEBUG_INFORMATION_FORMAT = dwarf;
				DEVELOPMENT_TEAM = A5Y9WBD7WV;
				ENABLE_STRICT_OBJC_MSGSEND = YES;
				ENABLE_TESTABILITY = YES;
				ENABLE_USER_SCRIPT_SANDBOXING = YES;
				GCC_C_LANGUAGE_STANDARD = gnu17;
				GCC_DYNAMIC_NO_PIC = NO;
				GCC_NO_COMMON_BLOCKS = YES;
				GCC_OPTIMIZATION_LEVEL = 0;
				GCC_PREPROCESSOR_DEFINITIONS = (
					"DEBUG=1",
					"$(inherited)",
				);
				GCC_WARN_64_TO_32_BIT_CONVERSION = YES;
				GCC_WARN_ABOUT_RETURN_TYPE = YES_ERROR;
				GCC_WARN_UNDECLARED_SELECTOR = YES;
				GCC_WARN_UNINITIALIZED_AUTOS = YES_AGGRESSIVE;
				GCC_WARN_UNUSED_FUNCTION = YES;
				GCC_WARN_UNUSED_VARIABLE = YES;
				IPHONEOS_DEPLOYMENT_TARGET = 18.5;
				LOCALIZATION_PREFERS_STRING_CATALOGS = YES;
				MTL_ENABLE_DEBUG_INFO = INCLUDE_SOURCE;
				MTL_FAST_MATH = YES;
				ONLY_ACTIVE_ARCH = YES;
				SDKROOT = iphoneos;
				SWIFT_ACTIVE_COMPILATION_CONDITIONS = "DEBUG $(inherited)";
				SWIFT_OPTIMIZATION_LEVEL = "-Onone";
			};
			name = Debug;
		};
		B1B072322F0AE91B00BD54F3 /* Release */ = {
			isa = XCBuildConfiguration;
			buildSettings = {
				ALWAYS_SEARCH_USER_PATHS = NO;
				ASSETCATALOG_COMPILER_GENERATE_SWIFT_ASSET_SYMBOL_EXTENSIONS = YES;
				CLANG_ANALYZER_NONNULL = YES;
				CLANG_ANALYZER_NUMBER_OBJECT_CONVERSION = YES_AGGRESSIVE;
				CLANG_CXX_LANGUAGE_STANDARD = "gnu++20";
				CLANG_ENABLE_MODULES = YES;
				CLANG_ENABLE_OBJC_ARC = YES;
				CLANG_ENABLE_OBJC_WEAK = YES;
				CLANG_WARN_BLOCK_CAPTURE_AUTORELEASING = YES;
				CLANG_WARN_BOOL_CONVERSION = YES;
				CLANG_WARN_COMMA = YES;
				CLANG_WARN_CONSTANT_CONVERSION = YES;
				CLANG_WARN_DEPRECATED_OBJC_IMPLEMENTATIONS = YES;
				CLANG_WARN_DIRECT_OBJC_ISA_USAGE = YES_ERROR;
				CLANG_WARN_DOCUMENTATION_COMMENTS = YES;
				CLANG_WARN_EMPTY_BODY = YES;
				CLANG_WARN_ENUM_CONVERSION = YES;
				CLANG_WARN_INFINITE_RECURSION = YES;
				CLANG_WARN_INT_CONVERSION = YES;
				CLANG_WARN_NON_LITERAL_NULL_CONVERSION = YES;
				CLANG_WARN_OBJC_IMPLICIT_RETAIN_SELF = YES;
				CLANG_WARN_OBJC_LITERAL_CONVERSION = YES;
				CLANG_WARN_OBJC_ROOT_CLASS = YES_ERROR;
				CLANG_WARN_QUOTED_INCLUDE_IN_FRAMEWORK_HEADER = YES;
				CLANG_WARN_RANGE_LOOP_ANALYSIS = YES;
				CLANG_WARN_STRICT_PROTOTYPES = YES;
				CLANG_WARN_SUSPICIOUS_MOVE = YES;
				CLANG_WARN_UNGUARDED_AVAILABILITY = YES_AGGRESSIVE;
				CLANG_WARN_UNREACHABLE_CODE = YES;
				CLANG_WARN__DUPLICATE_METHOD_MATCH = YES;
				COPY_PHASE_STRIP = NO;
				DEBUG_INFORMATION_FORMAT = "dwarf-with-dsym";
				DEVELOPMENT_TEAM = A5Y9WBD7WV;
				ENABLE_NS_ASSERTIONS = NO;
				ENABLE_STRICT_OBJC_MSGSEND = YES;
				ENABLE_USER_SCRIPT_SANDBOXING = YES;
				GCC_C_LANGUAGE_STANDARD = gnu17;
				GCC_NO_COMMON_BLOCKS = YES;
				GCC_WARN_64_TO_32_BIT_CONVERSION = YES;
				GCC_WARN_ABOUT_RETURN_TYPE = YES_ERROR;
				GCC_WARN_UNDECLARED_SELECTOR = YES;
				GCC_WARN_UNINITIALIZED_AUTOS = YES_AGGRESSIVE;
				GCC_WARN_UNUSED_FUNCTION = YES;
				GCC_WARN_UNUSED_VARIABLE = YES;
				IPHONEOS_DEPLOYMENT_TARGET = 18.5;
				LOCALIZATION_PREFERS_STRING_CATALOGS = YES;
				MTL_ENABLE_DEBUG_INFO = NO;
				MTL_FAST_MATH = YES;
				SDKROOT = iphoneos;
				SWIFT_COMPILATION_MODE = wholemodule;
				VALIDATE_PRODUCT = YES;
			};
			name = Release;
		};
		B1B074852F150DD000BD54F3 /* Debug */ = {
			isa = XCBuildConfiguration;
			buildSettings = {
				CODE_SIGN_ENTITLEMENTS = ArticleShareExtension/ArticleShareExtension.entitlements;
				CODE_SIGN_STYLE = Automatic;
				CURRENT_PROJECT_VERSION = 1;
				DEVELOPMENT_TEAM = A5Y9WBD7WV;
				GENERATE_INFOPLIST_FILE = YES;
				INFOPLIST_FILE = ArticleShareExtension/Info.plist;
				INFOPLIST_KEY_CFBundleDisplayName = ArticleShareExtension;
				INFOPLIST_KEY_NSHumanReadableCopyright = "";
				LD_RUNPATH_SEARCH_PATHS = (
					"$(inherited)",
					"@executable_path/Frameworks",
					"@executable_path/../../Frameworks",
				);
				MARKETING_VERSION = 1.0;
				PRODUCT_BUNDLE_IDENTIFIER = com.banu.Rewisio.ArticleShareExtension;
				PRODUCT_NAME = "$(TARGET_NAME)";
				SKIP_INSTALL = YES;
				SWIFT_EMIT_LOC_STRINGS = YES;
				SWIFT_VERSION = 5.0;
				TARGETED_DEVICE_FAMILY = "1,2";
			};
			name = Debug;
		};
		B1B074862F150DD000BD54F3 /* Release */ = {
			isa = XCBuildConfiguration;
			buildSettings = {
				CODE_SIGN_ENTITLEMENTS = ArticleShareExtension/ArticleShareExtension.entitlements;
				CODE_SIGN_STYLE = Automatic;
				CURRENT_PROJECT_VERSION = 1;
				DEVELOPMENT_TEAM = A5Y9WBD7WV;
				GENERATE_INFOPLIST_FILE = YES;
				INFOPLIST_FILE = ArticleShareExtension/Info.plist;
				INFOPLIST_KEY_CFBundleDisplayName = ArticleShareExtension;
				INFOPLIST_KEY_NSHumanReadableCopyright = "";
				LD_RUNPATH_SEARCH_PATHS = (
					"$(inherited)",
					"@executable_path/Frameworks",
					"@executable_path/../../Frameworks",
				);
				MARKETING_VERSION = 1.0;
				PRODUCT_BUNDLE_IDENTIFIER = com.banu.Rewisio.ArticleShareExtension;
				PRODUCT_NAME = "$(TARGET_NAME)";
				SKIP_INSTALL = YES;
				SWIFT_EMIT_LOC_STRINGS = YES;
				SWIFT_VERSION = 5.0;
				TARGETED_DEVICE_FAMILY = "1,2";
			};
			name = Release;
		};
/* End XCBuildConfiguration section */

/* Begin XCConfigurationList section */
		B1B072162F0AE91900BD54F3 /* Build configuration list for PBXProject "Rewisio" */ = {
			isa = XCConfigurationList;
			buildConfigurations = (
				B1B072312F0AE91B00BD54F3 /* Debug */,
				B1B072322F0AE91B00BD54F3 /* Release */,
			);
			defaultConfigurationIsVisible = 0;
			defaultConfigurationName = Release;
		};
		B1B0722E2F0AE91B00BD54F3 /* Build configuration list for PBXNativeTarget "Rewisio" */ = {
			isa = XCConfigurationList;
			buildConfigurations = (
				B1B0722F2F0AE91B00BD54F3 /* Debug */,
				B1B072302F0AE91B00BD54F3 /* Release */,
			);
			defaultConfigurationIsVisible = 0;
			defaultConfigurationName = Release;
		};
		B1B074872F150DD000BD54F3 /* Build configuration list for PBXNativeTarget "ArticleShareExtension" */ = {
			isa = XCConfigurationList;
			buildConfigurations = (
				B1B074852F150DD000BD54F3 /* Debug */,
				B1B074862F150DD000BD54F3 /* Release */,
			);
			defaultConfigurationIsVisible = 0;
			defaultConfigurationName = Release;
		};
/* End XCConfigurationList section */

/* Begin XCSwiftPackageProductDependency section */
		B14766B12F361A9E008639CB /* SharedCore */ = {
			isa = XCSwiftPackageProductDependency;
			productName = SharedCore;
		};
		B14766B32F361B04008639CB /* SharedCore */ = {
			isa = XCSwiftPackageProductDependency;
			productName = SharedCore;
		};
/* End XCSwiftPackageProductDependency section */
	};
	rootObject = B1B072132F0AE91900BD54F3 /* Project object */;
}
